
Microsoft Visual Studio Solution File, Format Version 12.00
# Visual Studio 15
VisualStudioVersion = 15.0.26730.15
MinimumVisualStudioVersion = 10.0.40219.1
Project("{FAE04EC0-301F-11D3-BF4B-00C04F79EFBC}") = "Project_Euler", "Project_Euler.csproj", "{494899AE-484D-47A8-BFE9-E65EABF34D0E}"
EndProject
Global
	GlobalSection(SolutionConfigurationPlatforms) = preSolution
		Debug|Any CPU = Debug|Any CPU
		Release|Any CPU = Release|Any CPU
	EndGlobalSection
	GlobalSection(ProjectConfigurationPlatforms) = postSolution
		{494899AE-484D-47A8-BFE9-E65EABF34D0E}.Debug|Any CPU.ActiveCfg = Debug|Any CPU
		{494899AE-484D-47A8-BFE9-E65EABF34D0E}.Debug|Any CPU.Build.0 = Debug|Any CPU
		{494899AE-484D-47A8-BFE9-E65EABF34D0E}.Release|Any CPU.ActiveCfg = Release|Any CPU
		{494899AE-484D-47A8-BFE9-E65EABF34D0E}.Release|Any CPU.Build.0 = Release|Any CPU
	EndGlobalSection
	GlobalSection(SolutionProperties) = preSolution
		HideSolutionNode = FALSE
	EndGlobalSection
	GlobalSection(ExtensibilityGlobals) = postSolution
		SolutionGuid = {BB268D5F-8159-476C-BABF-0442D781C63A}
	EndGlobalSection
EndGlobal
